
Microsoft Visual Studio Solution File, Format Version 12.00
Project("{2150E333-8FDC-42A3-9474-1A3956D46DE8}") = "docs", "docs", "{3EA1AE1F-7C0C-467D-B78D-298E4A07DB69}"
EndProject
Project("{2150E333-8FDC-42A3-9474-1A3956D46DE8}") = "src", "src", "{1348FE93-2EE0-49B7-91C8-E3FB07929E4E}"
EndProject
Project("{2150E333-8FDC-42A3-9474-1A3956D46DE8}") = "tests", "tests", "{6FF0D838-6747-4890-9B99-4F476E4A2984}"
EndProject
Project("{FAE04EC0-301F-11D3-BF4B-00C04F79EFBC}") = "Result", "src\Result\Result.csproj", "{1042593E-05DB-425D-9462-615D849E8E02}"
EndProject
Global
	GlobalSection(SolutionConfigurationPlatforms) = preSolution
		Debug|Any CPU = Debug|Any CPU
		Release|Any CPU = Release|Any CPU
	EndGlobalSection
	GlobalSection(NestedProjects) = preSolution
		{1042593E-05DB-425D-9462-615D849E8E02} = {1348FE93-2EE0-49B7-91C8-E3FB07929E4E}
	EndGlobalSection
	GlobalSection(ProjectConfigurationPlatforms) = postSolution
		{1042593E-05DB-425D-9462-615D849E8E02}.Debug|Any CPU.ActiveCfg = Debug|Any CPU
		{1042593E-05DB-425D-9462-615D849E8E02}.Debug|Any CPU.Build.0 = Debug|Any CPU
		{1042593E-05DB-425D-9462-615D849E8E02}.Release|Any CPU.ActiveCfg = Release|Any CPU
		{1042593E-05DB-425D-9462-615D849E8E02}.Release|Any CPU.Build.0 = Release|Any CPU
	EndGlobalSection
EndGlobal
